
Microsoft Visual Studio Solution File, Format Version 12.00
# Visual Studio Version 16
VisualStudioVersion = 16.0.29926.136
MinimumVisualStudioVersion = 10.0.40219.1
Project("{FAE04EC0-301F-11D3-BF4B-00C04F79EFBC}") = "lectorDCM", "lectorDCM\lectorDCM.csproj", "{15C7CBD1-26E6-467A-9A32-AB9D7503E943}"
EndProject
Global
	GlobalSection(SolutionConfigurationPlatforms) = preSolution
		Debug|Any CPU = Debug|Any CPU
		Release|Any CPU = Release|Any CPU
	EndGlobalSection
	GlobalSection(ProjectConfigurationPlatforms) = postSolution
		{15C7CBD1-26E6-467A-9A32-AB9D7503E943}.Debug|Any CPU.ActiveCfg = Debug|Any CPU
		{15C7CBD1-26E6-467A-9A32-AB9D7503E943}.Debug|Any CPU.Build.0 = Debug|Any CPU
		{15C7CBD1-26E6-467A-9A32-AB9D7503E943}.Release|Any CPU.ActiveCfg = Release|Any CPU
		{15C7CBD1-26E6-467A-9A32-AB9D7503E943}.Release|Any CPU.Build.0 = Release|Any CPU
	EndGlobalSection
	GlobalSection(SolutionProperties) = preSolution
		HideSolutionNode = FALSE
	EndGlobalSection
	GlobalSection(ExtensibilityGlobals) = postSolution
		SolutionGuid = {54A8A4AC-21B5-45E4-9BD4-10834DD50865}
	EndGlobalSection
EndGlobal
